
Microsoft Visual Studio Solution File, Format Version 12.00
# Visual Studio 2013
VisualStudioVersion = 12.0.40629.0
MinimumVisualStudioVersion = 10.0.40219.1
Project("{FAE04EC0-301F-11D3-BF4B-00C04F79EFBC}") = "UnitTests", "AdventOfCode_2016\UnitTests.csproj", "{F9911BC1-16FF-4FF6-B6BF-6DFF33DEB6FB}"
EndProject
Project("{FAE04EC0-301F-11D3-BF4B-00C04F79EFBC}") = "Day1", "Day1\Day1.csproj", "{6A13CE22-273E-41E2-92D5-B225E3C2414E}"
EndProject
Project("{FAE04EC0-301F-11D3-BF4B-00C04F79EFBC}") = "Day2", "Day2\Day2.csproj", "{8DD18674-D753-4F9A-9C51-59A527E98CBE}"
EndProject
Project("{FAE04EC0-301F-11D3-BF4B-00C04F79EFBC}") = "Day3", "Day3\Day3.csproj", "{F9243ED5-A44F-45E1-9D84-0E7B79A37990}"
EndProject
Project("{FAE04EC0-301F-11D3-BF4B-00C04F79EFBC}") = "Day4", "Day4\Day4.csproj", "{7AAD0DEA-CCF3-4FE5-8EC9-31D83FBBD1D0}"
EndProject
Project("{FAE04EC0-301F-11D3-BF4B-00C04F79EFBC}") = "Day5", "Day5\Day5.csproj", "{DEA5F8E1-9020-408D-9F68-D02AC2B15585}"
EndProject
Project("{2150E333-8FDC-42A3-9474-1A3956D46DE8}") = ".nuget", ".nuget", "{5BD4F340-48EE-49AD-AEA0-8394B681092D}"
	ProjectSection(SolutionItems) = preProject
		.nuget\packages.config = .nuget\packages.config
	EndProjectSection
EndProject
Global
	GlobalSection(SolutionConfigurationPlatforms) = preSolution
		Debug|Any CPU = Debug|Any CPU
		Release|Any CPU = Release|Any CPU
	EndGlobalSection
	GlobalSection(ProjectConfigurationPlatforms) = postSolution
		{F9911BC1-16FF-4FF6-B6BF-6DFF33DEB6FB}.Debug|Any CPU.ActiveCfg = Debug|Any CPU
		{F9911BC1-16FF-4FF6-B6BF-6DFF33DEB6FB}.Debug|Any CPU.Build.0 = Debug|Any CPU
		{F9911BC1-16FF-4FF6-B6BF-6DFF33DEB6FB}.Release|Any CPU.ActiveCfg = Release|Any CPU
		{F9911BC1-16FF-4FF6-B6BF-6DFF33DEB6FB}.Release|Any CPU.Build.0 = Release|Any CPU
		{6A13CE22-273E-41E2-92D5-B225E3C2414E}.Debug|Any CPU.ActiveCfg = Debug|Any CPU
		{6A13CE22-273E-41E2-92D5-B225E3C2414E}.Debug|Any CPU.Build.0 = Debug|Any CPU
		{6A13CE22-273E-41E2-92D5-B225E3C2414E}.Release|Any CPU.ActiveCfg = Release|Any CPU
		{6A13CE22-273E-41E2-92D5-B225E3C2414E}.Release|Any CPU.Build.0 = Release|Any CPU
		{8DD18674-D753-4F9A-9C51-59A527E98CBE}.Debug|Any CPU.ActiveCfg = Debug|Any CPU
		{8DD18674-D753-4F9A-9C51-59A527E98CBE}.Debug|Any CPU.Build.0 = Debug|Any CPU
		{8DD18674-D753-4F9A-9C51-59A527E98CBE}.Release|Any CPU.ActiveCfg = Release|Any CPU
		{8DD18674-D753-4F9A-9C51-59A527E98CBE}.Release|Any CPU.Build.0 = Release|Any CPU
		{F9243ED5-A44F-45E1-9D84-0E7B79A37990}.Debug|Any CPU.ActiveCfg = Debug|Any CPU
		{F9243ED5-A44F-45E1-9D84-0E7B79A37990}.Debug|Any CPU.Build.0 = Debug|Any CPU
		{F9243ED5-A44F-45E1-9D84-0E7B79A37990}.Release|Any CPU.ActiveCfg = Release|Any CPU
		{F9243ED5-A44F-45E1-9D84-0E7B79A37990}.Release|Any CPU.Build.0 = Release|Any CPU
		{7AAD0DEA-CCF3-4FE5-8EC9-31D83FBBD1D0}.Debug|Any CPU.ActiveCfg = Debug|Any CPU
		{7AAD0DEA-CCF3-4FE5-8EC9-31D83FBBD1D0}.Debug|Any CPU.Build.0 = Debug|Any CPU
		{7AAD0DEA-CCF3-4FE5-8EC9-31D83FBBD1D0}.Release|Any CPU.ActiveCfg = Release|Any CPU
		{7AAD0DEA-CCF3-4FE5-8EC9-31D83FBBD1D0}.Release|Any CPU.Build.0 = Release|Any CPU
		{DEA5F8E1-9020-408D-9F68-D02AC2B15585}.Debug|Any CPU.ActiveCfg = Debug|Any CPU
		{DEA5F8E1-9020-408D-9F68-D02AC2B15585}.Debug|Any CPU.Build.0 = Debug|Any CPU
		{DEA5F8E1-9020-408D-9F68-D02AC2B15585}.Release|Any CPU.ActiveCfg = Release|Any CPU
		{DEA5F8E1-9020-408D-9F68-D02AC2B15585}.Release|Any CPU.Build.0 = Release|Any CPU
	EndGlobalSection
	GlobalSection(SolutionProperties) = preSolution
		HideSolutionNode = FALSE
	EndGlobalSection
EndGlobal
